{
  "pins" : [
    {
      "identity" : "alamofire",
      "kind" : "remoteSourceControl",
      "location" : "https://github.com/Alamofire/Alamofire.git",
      "state" : {
        "revision" : "f455c2975872ccd2d9c81594c658af65716e9b9a",
        "version" : "5.9.1"
      }
    },
    {
      "identity" : "dds-ios",
      "kind" : "remoteSourceControl",
      "location" : "https://github.com/Team-B1ND/dds-ios",
      "state" : {
        "revision" : "b14588e4cf58138880b056ccfd235901c57ef93b",
        "version" : "0.2.4"
      }
    },
    {
      "identity" : "flowkit",
      "kind" : "remoteSourceControl",
      "location" : "https://github.com/Mercen-Lee/FlowKit",
      "state" : {
        "branch" : "main",
        "revision" : "9defc64f19529e053a0b74494e083839eaffef51"
      }
    },
    {
      "identity" : "moya",
      "kind" : "remoteSourceControl",
      "location" : "https://github.com/Moya/Moya",
      "state" : {
        "revision" : "c263811c1f3dbf002be9bd83107f7cdc38992b26",
        "version" : "15.0.3"
      }
    },
    {
      "identity" : "reactiveswift",
      "kind" : "remoteSourceControl",
      "location" : "https://github.com/ReactiveCocoa/ReactiveSwift.git",
      "state" : {
        "revision" : "c43bae3dac73fdd3cb906bd5a1914686ca71ed3c",
        "version" : "6.7.0"
      }
    },
    {
      "identity" : "rxswift",
      "kind" : "remoteSourceControl",
      "location" : "https://github.com/ReactiveX/RxSwift.git",
      "state" : {
        "revision" : "b06a8c8596e4c3e8e7788e08e720e3248563ce6a",
        "version" : "6.7.1"
      }
    },
    {
      "identity" : "signkit",
      "kind" : "remoteSourceControl",
      "location" : "https://github.com/Mercen-Lee/SignKit",
      "state" : {
        "revision" : "11c0dd643e163f7c6c8f64e1b588d2825c0d26c9",
        "version" : "0.0.2"
      }
    },
    {
      "identity" : "swiftui-cached-async-image",
      "kind" : "remoteSourceControl",
      "location" : "https://github.com/lorenzofiamingo/swiftui-cached-async-image",
      "state" : {
        "revision" : "467a3d17479887943ab917a379e62bbaff60ac8a",
        "version" : "2.1.1"
      }
    },
    {
      "identity" : "swinject",
      "kind" : "remoteSourceControl",
      "location" : "https://github.com/Swinject/Swinject.git",
      "state" : {
        "revision" : "be9dbcc7b86811bc131539a20c6f9c2d3e56919f",
        "version" : "2.9.1"
      }
    }
  ],
  "version" : 2
}
